
Microsoft Visual Studio Solution File, Format Version 12.00
# Visual Studio 2012
Project("{FAE04EC0-301F-11D3-BF4B-00C04F79EFBC}") = "KYC.MVC.Tests", "KYC.MVC.Tests\KYC.MVC.Tests.csproj", "{5BFD36F7-D6EA-40CE-8EA7-79C4F872DDC4}"
EndProject
Project("{FAE04EC0-301F-11D3-BF4B-00C04F79EFBC}") = "KYC.MVC", "KYC.MVC\KYC.MVC.csproj", "{880D1CDE-EF7C-4C22-A094-63AE3EC4DD20}"
EndProject
Project("{2150E333-8FDC-42A3-9474-1A3956D46DE8}") = "Solution Items", "Solution Items", "{124C7F7E-413C-4496-BF35-9C483AC8BF5C}"
EndProject
Project("{2150E333-8FDC-42A3-9474-1A3956D46DE8}") = "Contracts", "Contracts", "{55B77D70-B76C-4AAE-90D2-4100184EA871}"
	ProjectSection(SolutionItems) = preProject
		contracts\ERC780.sol = contracts\ERC780.sol
		contracts\KYC.sol = contracts\KYC.sol
		contracts\Registry.sol = contracts\Registry.sol
		contracts\Whitelist.sol = contracts\Whitelist.sol
	EndProjectSection
EndProject
Global
	GlobalSection(SolutionConfigurationPlatforms) = preSolution
		Debug|Any CPU = Debug|Any CPU
		Release|Any CPU = Release|Any CPU
	EndGlobalSection
	GlobalSection(ProjectConfigurationPlatforms) = postSolution
		{5BFD36F7-D6EA-40CE-8EA7-79C4F872DDC4}.Debug|Any CPU.ActiveCfg = Debug|Any CPU
		{5BFD36F7-D6EA-40CE-8EA7-79C4F872DDC4}.Debug|Any CPU.Build.0 = Debug|Any CPU
		{5BFD36F7-D6EA-40CE-8EA7-79C4F872DDC4}.Release|Any CPU.ActiveCfg = Release|Any CPU
		{5BFD36F7-D6EA-40CE-8EA7-79C4F872DDC4}.Release|Any CPU.Build.0 = Release|Any CPU
		{880D1CDE-EF7C-4C22-A094-63AE3EC4DD20}.Debug|Any CPU.ActiveCfg = Debug|Any CPU
		{880D1CDE-EF7C-4C22-A094-63AE3EC4DD20}.Debug|Any CPU.Build.0 = Debug|Any CPU
		{880D1CDE-EF7C-4C22-A094-63AE3EC4DD20}.Release|Any CPU.ActiveCfg = Release|Any CPU
		{880D1CDE-EF7C-4C22-A094-63AE3EC4DD20}.Release|Any CPU.Build.0 = Release|Any CPU
	EndGlobalSection
	GlobalSection(NestedProjects) = preSolution
		{55B77D70-B76C-4AAE-90D2-4100184EA871} = {124C7F7E-413C-4496-BF35-9C483AC8BF5C}
	EndGlobalSection
EndGlobal
